
Microsoft Visual Studio Solution File, Format Version 12.00
# Visual Studio 2013
VisualStudioVersion = 12.0.21005.1
MinimumVisualStudioVersion = 10.0.40219.1
Project("{FAE04EC0-301F-11D3-BF4B-00C04F79EFBC}") = "APIRestPayment", "APIRestPayment\APIRestPayment.csproj", "{F988494E-4AD5-4AF8-A877-09C83C3DFEC0}"
EndProject
Project("{2150E333-8FDC-42A3-9474-1A3956D46DE8}") = "Schema", "Schema", "{49C5E4FF-0A21-45CA-A6AA-6C8F9F475E93}"
	ProjectSection(SolutionItems) = preProject
		..\..\..\..\RRF CO\Essentials\June 30 2014 NHibernate\Required_Bins\nhibernate-configuration.xsd = ..\..\..\..\RRF CO\Essentials\June 30 2014 NHibernate\Required_Bins\nhibernate-configuration.xsd
		..\..\..\..\RRF CO\Essentials\June 30 2014 NHibernate\Required_Bins\nhibernate-mapping.xsd = ..\..\..\..\RRF CO\Essentials\June 30 2014 NHibernate\Required_Bins\nhibernate-mapping.xsd
	EndProjectSection
EndProject
Global
	GlobalSection(SolutionConfigurationPlatforms) = preSolution
		Debug|Any CPU = Debug|Any CPU
		Release|Any CPU = Release|Any CPU
	EndGlobalSection
	GlobalSection(ProjectConfigurationPlatforms) = postSolution
		{F988494E-4AD5-4AF8-A877-09C83C3DFEC0}.Debug|Any CPU.ActiveCfg = Debug|Any CPU
		{F988494E-4AD5-4AF8-A877-09C83C3DFEC0}.Debug|Any CPU.Build.0 = Debug|Any CPU
		{F988494E-4AD5-4AF8-A877-09C83C3DFEC0}.Release|Any CPU.ActiveCfg = Release|Any CPU
		{F988494E-4AD5-4AF8-A877-09C83C3DFEC0}.Release|Any CPU.Build.0 = Release|Any CPU
	EndGlobalSection
	GlobalSection(SolutionProperties) = preSolution
		HideSolutionNode = FALSE
	EndGlobalSection
EndGlobal
